PODS:
  - JMSPageControl (1.0.2)
  - Kingfisher (3.10.3)

DEPENDENCIES:
  - JMSPageControl
  - Kingfisher

SPEC CHECKSUMS:
  JMSPageControl: 73b9be14cff0aa7799fb1e491b6494ca7ee4aa95
  Kingfisher: a0ac82dc5bcf0388dd74b294cf2cc13730c63436

PODFILE CHECKSUM: a1556d65bff29f0d4d810e07a3369834c832377d

COCOAPODS: 1.3.0.beta.2
