PODS:
  - JMSPageControl (1.0.2)
  - Kingfisher (4.2.0)

DEPENDENCIES:
  - JMSPageControl
  - Kingfisher (~> 4.2.0)

SPEC CHECKSUMS:
  JMSPageControl: 73b9be14cff0aa7799fb1e491b6494ca7ee4aa95
  Kingfisher: 9ee7e788d8ba07c3f21ce0d43f33cec310a4f781

PODFILE CHECKSUM: cf02ce11e3a0166934bd9e8b959f7dbb95ff3cdf

COCOAPODS: 1.4.0.beta.2
